version = 1
revision = 2
requires-python = ">=3.13"

[[package]]
name = "magnetic-reconnection-visualization"
version = "0.1.0"
source = { virtual = "." }
dependencies = [
    { name = "mpi4py" },
]

[package.metadata]
requires-dist = [{ name = "mpi4py", specifier = ">=4.0.3" }]

[[package]]
name = "mpi4py"
version = "4.0.3"
source = { registry = "https://pypi.org/simple" }
sdist = { url = "https://files.pythonhosted.org/packages/0d/b6/833caa35145efa52c698c50bc76dd9cd2d30527193a9b54004a76c9d99b4/mpi4py-4.0.3.tar.gz", hash = "sha256:de2710d73e25e115865a3ab63d34a54b2d8608b724f761c567b6ad58dd475609", size = 466338, upload-time = "2025-02-13T18:35:50.548Z" }
wheels = [
    { url = "https://files.pythonhosted.org/packages/03/d3/b7cfecd793597b18d81dba63a5d9a1ff022a36417be7dead7b5565cd8fc9/mpi4py-4.0.3-cp313-cp313-win_amd64.whl", hash = "sha256:7b026914b498dd40a28eb1d78494f266446f22894c0e91500f5f035daefb3fda", size = 1724108, upload-time = "2025-02-13T18:37:03.521Z" },
]
